{
    "_meta": {
        "hash": {
            "sha256": "83b367e597bcc69ef18bac6e8e97db9e15926b5f786f580f32a822abeee84a99"
        },
        "pipfile-spec": 6,
        "requires": {
            "python_version": "3.7"
        },
        "sources": [
            {
                "name": "pypi",
                "url": "https://pypi.org/simple",
                "verify_ssl": true
            }
        ]
    },
    "default": {
        "colorful": {
            "hashes": [
                "sha256:74bbaeb90fb5b3d31fccdc6e562bdce721f19dc6d566f72a31e43f5503ac2841",
                "sha256:86db34ba9b41106d7c69a394049e9d47be4cf15f863d04b8a0b21509ea9df6bc"
            ],
            "version": "==0.5.0"
        },
        "cyaron": {
            "hashes": [
                "sha256:2e3b04c84882fe679623d9da81c01ee3abd581a580d9fa3b50eebf7b089111f9"
            ],
            "index": "pypi",
            "version": "==0.4.2"
        }
    },
    "develop": {}
}
